
Microsoft Visual Studio Solution File, Format Version 12.00
# Visual Studio 14
VisualStudioVersion = 14.0.23107.0
MinimumVisualStudioVersion = 10.0.40219.1
Project("{FAE04EC0-301F-11D3-BF4B-00C04F79EFBC}") = "ChallengeSimpleDarts", "ChallengeSimpleDarts\ChallengeSimpleDarts.csproj", "{C8F5C1C3-57E5-47B9-82A2-6F4F8FEDD531}"
	ProjectSection(ProjectDependencies) = postProject
		{81D362FF-7A48-4326-9B6A-3D0684C39EF9} = {81D362FF-7A48-4326-9B6A-3D0684C39EF9}
	EndProjectSection
EndProject
Project("{FAE04EC0-301F-11D3-BF4B-00C04F79EFBC}") = "Darts", "Darts\Darts.csproj", "{81D362FF-7A48-4326-9B6A-3D0684C39EF9}"
EndProject
Global
	GlobalSection(SolutionConfigurationPlatforms) = preSolution
		Debug|Any CPU = Debug|Any CPU
		Release|Any CPU = Release|Any CPU
	EndGlobalSection
	GlobalSection(ProjectConfigurationPlatforms) = postSolution
		{C8F5C1C3-57E5-47B9-82A2-6F4F8FEDD531}.Debug|Any CPU.ActiveCfg = Debug|Any CPU
		{C8F5C1C3-57E5-47B9-82A2-6F4F8FEDD531}.Debug|Any CPU.Build.0 = Debug|Any CPU
		{C8F5C1C3-57E5-47B9-82A2-6F4F8FEDD531}.Release|Any CPU.ActiveCfg = Release|Any CPU
		{C8F5C1C3-57E5-47B9-82A2-6F4F8FEDD531}.Release|Any CPU.Build.0 = Release|Any CPU
		{81D362FF-7A48-4326-9B6A-3D0684C39EF9}.Debug|Any CPU.ActiveCfg = Debug|Any CPU
		{81D362FF-7A48-4326-9B6A-3D0684C39EF9}.Debug|Any CPU.Build.0 = Debug|Any CPU
		{81D362FF-7A48-4326-9B6A-3D0684C39EF9}.Release|Any CPU.ActiveCfg = Release|Any CPU
		{81D362FF-7A48-4326-9B6A-3D0684C39EF9}.Release|Any CPU.Build.0 = Release|Any CPU
	EndGlobalSection
	GlobalSection(SolutionProperties) = preSolution
		HideSolutionNode = FALSE
	EndGlobalSection
EndGlobal
